
Microsoft Visual Studio Solution File, Format Version 12.00
# Visual Studio Version 17
VisualStudioVersion = 17.0.31903.59
MinimumVisualStudioVersion = 10.0.40219.1
Project("{2150E333-8FDC-42A3-9474-1A3956D46DE8}") = "src", "src", "{B1AD321A-4F89-4F3B-BA3F-D122F05C017B}"
EndProject
Project("{FAE04EC0-301F-11D3-BF4B-00C04F79EFBC}") = "AuctionService", "src\AuctionService\AuctionService.csproj", "{31FD1A5C-AF51-4B3A-862A-221AFAB7BB1A}"
EndProject
Project("{FAE04EC0-301F-11D3-BF4B-00C04F79EFBC}") = "SearchService", "src\SearchService\SearchService.csproj", "{CCDF27D8-499F-4FD8-BF3C-ED8C2894DB85}"
EndProject
Project("{FAE04EC0-301F-11D3-BF4B-00C04F79EFBC}") = "Contracts", "src\Contracts\Contracts.csproj", "{DEA5CB2E-7381-45B4-B551-4B6DAB42D100}"
EndProject
Project("{FAE04EC0-301F-11D3-BF4B-00C04F79EFBC}") = "IdentityService", "src\IdentityService\IdentityService.csproj", "{FBE79D22-9402-40E6-BC65-7C7204954819}"
EndProject
Project("{FAE04EC0-301F-11D3-BF4B-00C04F79EFBC}") = "GatewayService", "src\GatewayService\GatewayService.csproj", "{519D10AF-BC29-4184-BFC9-2D11FA48ECAC}"
EndProject
Project("{FAE04EC0-301F-11D3-BF4B-00C04F79EFBC}") = "BiddingService", "src\BiddingService\BiddingService.csproj", "{F789CB29-BBF4-46C5-A6E7-33CA610FD4D6}"
EndProject
Project("{FAE04EC0-301F-11D3-BF4B-00C04F79EFBC}") = "NotificationService", "src\NotificationService\NotificationService.csproj", "{E1DC49A8-2A73-4061-8E24-C96B4573B0BC}"
EndProject
Project("{2150E333-8FDC-42A3-9474-1A3956D46DE8}") = "tests", "tests", "{48B671B6-072F-4BF8-A711-D73E1DA530A7}"
EndProject
Project("{FAE04EC0-301F-11D3-BF4B-00C04F79EFBC}") = "AuctionService.UnitTests", "tests\AuctionService.UnitTests\AuctionService.UnitTests.csproj", "{83991B42-C356-4DB8-9CF6-D290E49D62EE}"
EndProject
Project("{FAE04EC0-301F-11D3-BF4B-00C04F79EFBC}") = "AuctionService.IntegrationTests", "tests\AuctionService.IntegrationTests\AuctionService.IntegrationTests.csproj", "{CA4EE072-A89E-4B7A-99F7-C6C3D93DB502}"
EndProject
Global
	GlobalSection(SolutionConfigurationPlatforms) = preSolution
		Debug|Any CPU = Debug|Any CPU
		Release|Any CPU = Release|Any CPU
	EndGlobalSection
	GlobalSection(SolutionProperties) = preSolution
		HideSolutionNode = FALSE
	EndGlobalSection
	GlobalSection(ProjectConfigurationPlatforms) = postSolution
		{31FD1A5C-AF51-4B3A-862A-221AFAB7BB1A}.Debug|Any CPU.ActiveCfg = Debug|Any CPU
		{31FD1A5C-AF51-4B3A-862A-221AFAB7BB1A}.Debug|Any CPU.Build.0 = Debug|Any CPU
		{31FD1A5C-AF51-4B3A-862A-221AFAB7BB1A}.Release|Any CPU.ActiveCfg = Release|Any CPU
		{31FD1A5C-AF51-4B3A-862A-221AFAB7BB1A}.Release|Any CPU.Build.0 = Release|Any CPU
		{CCDF27D8-499F-4FD8-BF3C-ED8C2894DB85}.Debug|Any CPU.ActiveCfg = Debug|Any CPU
		{CCDF27D8-499F-4FD8-BF3C-ED8C2894DB85}.Debug|Any CPU.Build.0 = Debug|Any CPU
		{CCDF27D8-499F-4FD8-BF3C-ED8C2894DB85}.Release|Any CPU.ActiveCfg = Release|Any CPU
		{CCDF27D8-499F-4FD8-BF3C-ED8C2894DB85}.Release|Any CPU.Build.0 = Release|Any CPU
		{DEA5CB2E-7381-45B4-B551-4B6DAB42D100}.Debug|Any CPU.ActiveCfg = Debug|Any CPU
		{DEA5CB2E-7381-45B4-B551-4B6DAB42D100}.Debug|Any CPU.Build.0 = Debug|Any CPU
		{DEA5CB2E-7381-45B4-B551-4B6DAB42D100}.Release|Any CPU.ActiveCfg = Release|Any CPU
		{DEA5CB2E-7381-45B4-B551-4B6DAB42D100}.Release|Any CPU.Build.0 = Release|Any CPU
		{FBE79D22-9402-40E6-BC65-7C7204954819}.Debug|Any CPU.ActiveCfg = Debug|Any CPU
		{FBE79D22-9402-40E6-BC65-7C7204954819}.Debug|Any CPU.Build.0 = Debug|Any CPU
		{FBE79D22-9402-40E6-BC65-7C7204954819}.Release|Any CPU.ActiveCfg = Release|Any CPU
		{FBE79D22-9402-40E6-BC65-7C7204954819}.Release|Any CPU.Build.0 = Release|Any CPU
		{519D10AF-BC29-4184-BFC9-2D11FA48ECAC}.Debug|Any CPU.ActiveCfg = Debug|Any CPU
		{519D10AF-BC29-4184-BFC9-2D11FA48ECAC}.Debug|Any CPU.Build.0 = Debug|Any CPU
		{519D10AF-BC29-4184-BFC9-2D11FA48ECAC}.Release|Any CPU.ActiveCfg = Release|Any CPU
		{519D10AF-BC29-4184-BFC9-2D11FA48ECAC}.Release|Any CPU.Build.0 = Release|Any CPU
		{F789CB29-BBF4-46C5-A6E7-33CA610FD4D6}.Debug|Any CPU.ActiveCfg = Debug|Any CPU
		{F789CB29-BBF4-46C5-A6E7-33CA610FD4D6}.Debug|Any CPU.Build.0 = Debug|Any CPU
		{F789CB29-BBF4-46C5-A6E7-33CA610FD4D6}.Release|Any CPU.ActiveCfg = Release|Any CPU
		{F789CB29-BBF4-46C5-A6E7-33CA610FD4D6}.Release|Any CPU.Build.0 = Release|Any CPU
		{E1DC49A8-2A73-4061-8E24-C96B4573B0BC}.Debug|Any CPU.ActiveCfg = Debug|Any CPU
		{E1DC49A8-2A73-4061-8E24-C96B4573B0BC}.Debug|Any CPU.Build.0 = Debug|Any CPU
		{E1DC49A8-2A73-4061-8E24-C96B4573B0BC}.Release|Any CPU.ActiveCfg = Release|Any CPU
		{E1DC49A8-2A73-4061-8E24-C96B4573B0BC}.Release|Any CPU.Build.0 = Release|Any CPU
		{83991B42-C356-4DB8-9CF6-D290E49D62EE}.Debug|Any CPU.ActiveCfg = Debug|Any CPU
		{83991B42-C356-4DB8-9CF6-D290E49D62EE}.Debug|Any CPU.Build.0 = Debug|Any CPU
		{83991B42-C356-4DB8-9CF6-D290E49D62EE}.Release|Any CPU.ActiveCfg = Release|Any CPU
		{83991B42-C356-4DB8-9CF6-D290E49D62EE}.Release|Any CPU.Build.0 = Release|Any CPU
		{CA4EE072-A89E-4B7A-99F7-C6C3D93DB502}.Debug|Any CPU.ActiveCfg = Debug|Any CPU
		{CA4EE072-A89E-4B7A-99F7-C6C3D93DB502}.Debug|Any CPU.Build.0 = Debug|Any CPU
		{CA4EE072-A89E-4B7A-99F7-C6C3D93DB502}.Release|Any CPU.ActiveCfg = Release|Any CPU
		{CA4EE072-A89E-4B7A-99F7-C6C3D93DB502}.Release|Any CPU.Build.0 = Release|Any CPU
	EndGlobalSection
	GlobalSection(NestedProjects) = preSolution
		{31FD1A5C-AF51-4B3A-862A-221AFAB7BB1A} = {B1AD321A-4F89-4F3B-BA3F-D122F05C017B}
		{CCDF27D8-499F-4FD8-BF3C-ED8C2894DB85} = {B1AD321A-4F89-4F3B-BA3F-D122F05C017B}
		{DEA5CB2E-7381-45B4-B551-4B6DAB42D100} = {B1AD321A-4F89-4F3B-BA3F-D122F05C017B}
		{FBE79D22-9402-40E6-BC65-7C7204954819} = {B1AD321A-4F89-4F3B-BA3F-D122F05C017B}
		{519D10AF-BC29-4184-BFC9-2D11FA48ECAC} = {B1AD321A-4F89-4F3B-BA3F-D122F05C017B}
		{F789CB29-BBF4-46C5-A6E7-33CA610FD4D6} = {B1AD321A-4F89-4F3B-BA3F-D122F05C017B}
		{E1DC49A8-2A73-4061-8E24-C96B4573B0BC} = {B1AD321A-4F89-4F3B-BA3F-D122F05C017B}
		{83991B42-C356-4DB8-9CF6-D290E49D62EE} = {48B671B6-072F-4BF8-A711-D73E1DA530A7}
		{CA4EE072-A89E-4B7A-99F7-C6C3D93DB502} = {48B671B6-072F-4BF8-A711-D73E1DA530A7}
	EndGlobalSection
EndGlobal
